
Microsoft Visual Studio Solution File, Format Version 12.00
# Visual Studio 15
VisualStudioVersion = 15.0.27428.2015
MinimumVisualStudioVersion = 10.0.40219.1
Project("{FAE04EC0-301F-11D3-BF4B-00C04F79EFBC}") = "CRMSystemPC", "CRMSystemPC\CRMSystemPC.csproj", "{7E626774-11A6-4D9A-9047-DB447D6238B0}"
EndProject
Global
	GlobalSection(SolutionConfigurationPlatforms) = preSolution
		Debug|Any CPU = Debug|Any CPU
		Release|Any CPU = Release|Any CPU
	EndGlobalSection
	GlobalSection(ProjectConfigurationPlatforms) = postSolution
		{7E626774-11A6-4D9A-9047-DB447D6238B0}.Debug|Any CPU.ActiveCfg = Debug|Any CPU
		{7E626774-11A6-4D9A-9047-DB447D6238B0}.Debug|Any CPU.Build.0 = Debug|Any CPU
		{7E626774-11A6-4D9A-9047-DB447D6238B0}.Release|Any CPU.ActiveCfg = Release|Any CPU
		{7E626774-11A6-4D9A-9047-DB447D6238B0}.Release|Any CPU.Build.0 = Release|Any CPU
	EndGlobalSection
	GlobalSection(SolutionProperties) = preSolution
		HideSolutionNode = FALSE
	EndGlobalSection
	GlobalSection(ExtensibilityGlobals) = postSolution
		SolutionGuid = {E0E7FA06-1B6C-4416-B372-D8233B9B28C0}
	EndGlobalSection
EndGlobal
